
Microsoft Visual Studio Solution File, Format Version 12.00
# Visual Studio 15
VisualStudioVersion = 15.0.27428.2037
MinimumVisualStudioVersion = 10.0.40219.1
Project("{FAE04EC0-301F-11D3-BF4B-00C04F79EFBC}") = "RobotOLPTool", "OLPCOPY\RobotOLPTool.csproj", "{F21A4260-42FA-4991-94CB-8712D92FC09D}"
EndProject
Project("{FAE04EC0-301F-11D3-BF4B-00C04F79EFBC}") = "ControlTool", "ControlTool\ControlTool.csproj", "{EEE8AAB6-6C4F-4A19-9D32-96317FDA89FF}"
EndProject
Global
	GlobalSection(SolutionConfigurationPlatforms) = preSolution
		Debug|Any CPU = Debug|Any CPU
		Release|Any CPU = Release|Any CPU
	EndGlobalSection
	GlobalSection(ProjectConfigurationPlatforms) = postSolution
		{F21A4260-42FA-4991-94CB-8712D92FC09D}.Debug|Any CPU.ActiveCfg = Debug|Any CPU
		{F21A4260-42FA-4991-94CB-8712D92FC09D}.Debug|Any CPU.Build.0 = Debug|Any CPU
		{F21A4260-42FA-4991-94CB-8712D92FC09D}.Release|Any CPU.ActiveCfg = Release|Any CPU
		{F21A4260-42FA-4991-94CB-8712D92FC09D}.Release|Any CPU.Build.0 = Release|Any CPU
		{EEE8AAB6-6C4F-4A19-9D32-96317FDA89FF}.Debug|Any CPU.ActiveCfg = Debug|Any CPU
		{EEE8AAB6-6C4F-4A19-9D32-96317FDA89FF}.Debug|Any CPU.Build.0 = Debug|Any CPU
		{EEE8AAB6-6C4F-4A19-9D32-96317FDA89FF}.Release|Any CPU.ActiveCfg = Release|Any CPU
		{EEE8AAB6-6C4F-4A19-9D32-96317FDA89FF}.Release|Any CPU.Build.0 = Release|Any CPU
	EndGlobalSection
	GlobalSection(SolutionProperties) = preSolution
		HideSolutionNode = FALSE
	EndGlobalSection
	GlobalSection(ExtensibilityGlobals) = postSolution
		SolutionGuid = {15BDD845-2EF8-49BF-97F3-AFB409D9F1E9}
	EndGlobalSection
EndGlobal
